{
  "name": "feathers-keycloak-connect-client",
  "version": "2.1.0",
  "lockfileVersion": 2,
  "requires": true,
  "packages": {
    "": {
      "name": "feathers-keycloak-connect-client",
      "version": "2.1.0",
      "license": "ISC",
      "dependencies": {
        "@feathersjs/feathers": "^5.0.21",
        "keycloak-js": "^25.0.2"
      },
      "devDependencies": {
        "typescript": "^4.4.4"
      }
    },
    "node_modules/@feathersjs/commons": {
      "version": "5.0.21",
      "resolved": "https://registry.npmjs.org/@feathersjs/commons/-/commons-5.0.21.tgz",
      "integrity": "sha512-8/vNe5XR1VqR3kRAGc4D24SeW0nfI2/srUkjGksa9Js2qTVmGlOk5HfLA+Uw2GMuVs2/JYnexpV5WPDtjfMWNw==",
      "engines": {
        "node": ">= 12"
      },
      "funding": {
        "type": "github",
        "url": "https://github.com/sponsors/daffl"
      }
    },
    "node_modules/@feathersjs/feathers": {
      "version": "5.0.21",
      "resolved": "https://registry.npmjs.org/@feathersjs/feathers/-/feathers-5.0.21.tgz",
      "integrity": "sha512-g2gdP8U5WT6Xd5Xekq0152R7O2eUx83c7L+WUA675d7r6Qo1R3Kiboy/cYC9w+MgGsSg8Pgh019WVVphGis+qQ==",
      "dependencies": {
        "@feathersjs/commons": "^5.0.21",
        "@feathersjs/hooks": "^0.8.1",
        "events": "^3.3.0"
      },
      "engines": {
        "node": ">= 12"
      },
      "funding": {
        "type": "github",
        "url": "https://github.com/sponsors/daffl"
      }
    },
    "node_modules/@feathersjs/hooks": {
      "version": "0.8.1",
      "resolved": "https://registry.npmjs.org/@feathersjs/hooks/-/hooks-0.8.1.tgz",
      "integrity": "sha512-q/OGjm2BEhT9cHYYcMZR4YKX4lHyufBJmi5Dz+XRM5YqUuEg9MYtR45CWgDiC1klrd2srNSsdmGNVU1otL4+0Q==",
      "engines": {
        "node": ">= 14"
      }
    },
    "node_modules/events": {
      "version": "3.3.0",
      "resolved": "https://registry.npmjs.org/events/-/events-3.3.0.tgz",
      "integrity": "sha512-mQw+2fkQbALzQ7V0MY0IqdnXNOeTtP4r0lN9z7AAawCXgqea7bDii20AYrIBrFd/Hx0M2Ocz6S111CaFkUcb0Q==",
      "engines": {
        "node": ">=0.8.x"
      }
    },
    "node_modules/js-sha256": {
      "version": "0.11.0",
      "resolved": "https://registry.npmjs.org/js-sha256/-/js-sha256-0.11.0.tgz",
      "integrity": "sha512-6xNlKayMZvds9h1Y1VWc0fQHQ82BxTXizWPEtEeGvmOUYpBRy4gbWroHLpzowe6xiQhHpelCQiE7HEdznyBL9Q==",
      "license": "MIT"
    },
    "node_modules/jwt-decode": {
      "version": "4.0.0",
      "resolved": "https://registry.npmjs.org/jwt-decode/-/jwt-decode-4.0.0.tgz",
      "integrity": "sha512-+KJGIyHgkGuIq3IEBNftfhW/LfWhXUIY6OmyVWjliu5KH1y0fw7VQ8YndE2O4qZdMSd9SqbnC8GOcZEy0Om7sA==",
      "license": "MIT",
      "engines": {
        "node": ">=18"
      }
    },
    "node_modules/keycloak-js": {
      "version": "25.0.6",
      "resolved": "https://registry.npmjs.org/keycloak-js/-/keycloak-js-25.0.6.tgz",
      "integrity": "sha512-Km+dc+XfNvY6a4az5jcxTK0zPk52ns9mAxLrHj7lF3V+riVYvQujfHmhayltJDjEpSOJ4C8a57LFNNKnNnRP2g==",
      "license": "Apache-2.0",
      "dependencies": {
        "js-sha256": "^0.11.0",
        "jwt-decode": "^4.0.0"
      }
    },
    "node_modules/typescript": {
      "version": "4.4.4",
      "resolved": "https://registry.npmjs.org/typescript/-/typescript-4.4.4.tgz",
      "integrity": "sha512-DqGhF5IKoBl8WNf8C1gu8q0xZSInh9j1kJJMqT3a94w1JzVaBU4EXOSMrz9yDqMT0xt3selp83fuFMQ0uzv6qA==",
      "dev": true,
      "bin": {
        "tsc": "bin/tsc",
        "tsserver": "bin/tsserver"
      },
      "engines": {
        "node": ">=4.2.0"
      }
    }
  },
  "dependencies": {
    "@feathersjs/commons": {
      "version": "5.0.21",
      "resolved": "https://registry.npmjs.org/@feathersjs/commons/-/commons-5.0.21.tgz",
      "integrity": "sha512-8/vNe5XR1VqR3kRAGc4D24SeW0nfI2/srUkjGksa9Js2qTVmGlOk5HfLA+Uw2GMuVs2/JYnexpV5WPDtjfMWNw=="
    },
    "@feathersjs/feathers": {
      "version": "5.0.21",
      "resolved": "https://registry.npmjs.org/@feathersjs/feathers/-/feathers-5.0.21.tgz",
      "integrity": "sha512-g2gdP8U5WT6Xd5Xekq0152R7O2eUx83c7L+WUA675d7r6Qo1R3Kiboy/cYC9w+MgGsSg8Pgh019WVVphGis+qQ==",
      "requires": {
        "@feathersjs/commons": "^5.0.21",
        "@feathersjs/hooks": "^0.8.1",
        "events": "^3.3.0"
      }
    },
    "@feathersjs/hooks": {
      "version": "0.8.1",
      "resolved": "https://registry.npmjs.org/@feathersjs/hooks/-/hooks-0.8.1.tgz",
      "integrity": "sha512-q/OGjm2BEhT9cHYYcMZR4YKX4lHyufBJmi5Dz+XRM5YqUuEg9MYtR45CWgDiC1klrd2srNSsdmGNVU1otL4+0Q=="
    },
    "events": {
      "version": "3.3.0",
      "resolved": "https://registry.npmjs.org/events/-/events-3.3.0.tgz",
      "integrity": "sha512-mQw+2fkQbALzQ7V0MY0IqdnXNOeTtP4r0lN9z7AAawCXgqea7bDii20AYrIBrFd/Hx0M2Ocz6S111CaFkUcb0Q=="
    },
    "js-sha256": {
      "version": "0.11.0",
      "resolved": "https://registry.npmjs.org/js-sha256/-/js-sha256-0.11.0.tgz",
      "integrity": "sha512-6xNlKayMZvds9h1Y1VWc0fQHQ82BxTXizWPEtEeGvmOUYpBRy4gbWroHLpzowe6xiQhHpelCQiE7HEdznyBL9Q=="
    },
    "jwt-decode": {
      "version": "4.0.0",
      "resolved": "https://registry.npmjs.org/jwt-decode/-/jwt-decode-4.0.0.tgz",
      "integrity": "sha512-+KJGIyHgkGuIq3IEBNftfhW/LfWhXUIY6OmyVWjliu5KH1y0fw7VQ8YndE2O4qZdMSd9SqbnC8GOcZEy0Om7sA=="
    },
    "keycloak-js": {
      "version": "25.0.6",
      "resolved": "https://registry.npmjs.org/keycloak-js/-/keycloak-js-25.0.6.tgz",
      "integrity": "sha512-Km+dc+XfNvY6a4az5jcxTK0zPk52ns9mAxLrHj7lF3V+riVYvQujfHmhayltJDjEpSOJ4C8a57LFNNKnNnRP2g==",
      "requires": {
        "js-sha256": "^0.11.0",
        "jwt-decode": "^4.0.0"
      }
    },
    "typescript": {
      "version": "4.4.4",
      "resolved": "https://registry.npmjs.org/typescript/-/typescript-4.4.4.tgz",
      "integrity": "sha512-DqGhF5IKoBl8WNf8C1gu8q0xZSInh9j1kJJMqT3a94w1JzVaBU4EXOSMrz9yDqMT0xt3selp83fuFMQ0uzv6qA==",
      "dev": true
    }
  }
}
