{
  "name": "feathers-keycloak-connect-client",
  "version": "1.3.0",
  "lockfileVersion": 2,
  "requires": true,
  "packages": {
    "": {
      "name": "feathers-keycloak-connect-client",
      "version": "1.3.0",
      "license": "ISC",
      "dependencies": {
        "@feathersjs/feathers": "^5.0.21",
        "keycloak-js": "^15.0.2"
      },
      "devDependencies": {
        "typescript": "^4.4.4"
      }
    },
    "node_modules/@feathersjs/commons": {
      "version": "5.0.21",
      "resolved": "https://registry.npmjs.org/@feathersjs/commons/-/commons-5.0.21.tgz",
      "integrity": "sha512-8/vNe5XR1VqR3kRAGc4D24SeW0nfI2/srUkjGksa9Js2qTVmGlOk5HfLA+Uw2GMuVs2/JYnexpV5WPDtjfMWNw==",
      "engines": {
        "node": ">= 12"
      },
      "funding": {
        "type": "github",
        "url": "https://github.com/sponsors/daffl"
      }
    },
    "node_modules/@feathersjs/feathers": {
      "version": "5.0.21",
      "resolved": "https://registry.npmjs.org/@feathersjs/feathers/-/feathers-5.0.21.tgz",
      "integrity": "sha512-g2gdP8U5WT6Xd5Xekq0152R7O2eUx83c7L+WUA675d7r6Qo1R3Kiboy/cYC9w+MgGsSg8Pgh019WVVphGis+qQ==",
      "dependencies": {
        "@feathersjs/commons": "^5.0.21",
        "@feathersjs/hooks": "^0.8.1",
        "events": "^3.3.0"
      },
      "engines": {
        "node": ">= 12"
      },
      "funding": {
        "type": "github",
        "url": "https://github.com/sponsors/daffl"
      }
    },
    "node_modules/@feathersjs/hooks": {
      "version": "0.8.1",
      "resolved": "https://registry.npmjs.org/@feathersjs/hooks/-/hooks-0.8.1.tgz",
      "integrity": "sha512-q/OGjm2BEhT9cHYYcMZR4YKX4lHyufBJmi5Dz+XRM5YqUuEg9MYtR45CWgDiC1klrd2srNSsdmGNVU1otL4+0Q==",
      "engines": {
        "node": ">= 14"
      }
    },
    "node_modules/base64-js": {
      "version": "1.3.1",
      "resolved": "https://registry.npmjs.org/base64-js/-/base64-js-1.3.1.tgz",
      "integrity": "sha512-mLQ4i2QO1ytvGWFWmcngKO//JXAQueZvwEKtjgQFM4jIK0kU+ytMfplL8j+n5mspOfjHwoAg+9yhb7BwAHm36g=="
    },
    "node_modules/events": {
      "version": "3.3.0",
      "resolved": "https://registry.npmjs.org/events/-/events-3.3.0.tgz",
      "integrity": "sha512-mQw+2fkQbALzQ7V0MY0IqdnXNOeTtP4r0lN9z7AAawCXgqea7bDii20AYrIBrFd/Hx0M2Ocz6S111CaFkUcb0Q==",
      "engines": {
        "node": ">=0.8.x"
      }
    },
    "node_modules/js-sha256": {
      "version": "0.9.0",
      "resolved": "https://registry.npmjs.org/js-sha256/-/js-sha256-0.9.0.tgz",
      "integrity": "sha512-sga3MHh9sgQN2+pJ9VYZ+1LPwXOxuBJBA5nrR5/ofPfuiJBE2hnjsaN8se8JznOmGLN2p49Pe5U/ttafcs/apA=="
    },
    "node_modules/keycloak-js": {
      "version": "15.0.2",
      "resolved": "https://registry.npmjs.org/keycloak-js/-/keycloak-js-15.0.2.tgz",
      "integrity": "sha512-dv2a4NcPSH3AzGWG3ZtB+VrHpuQLdFBYXtQBj/+oBzm6XNwnVAMdL6LIC0OzCLQpn3rKTQJtNSATAGhbKJgewQ==",
      "dependencies": {
        "base64-js": "1.3.1",
        "js-sha256": "0.9.0"
      }
    },
    "node_modules/typescript": {
      "version": "4.4.4",
      "resolved": "https://registry.npmjs.org/typescript/-/typescript-4.4.4.tgz",
      "integrity": "sha512-DqGhF5IKoBl8WNf8C1gu8q0xZSInh9j1kJJMqT3a94w1JzVaBU4EXOSMrz9yDqMT0xt3selp83fuFMQ0uzv6qA==",
      "dev": true,
      "bin": {
        "tsc": "bin/tsc",
        "tsserver": "bin/tsserver"
      },
      "engines": {
        "node": ">=4.2.0"
      }
    }
  },
  "dependencies": {
    "@feathersjs/commons": {
      "version": "5.0.21",
      "resolved": "https://registry.npmjs.org/@feathersjs/commons/-/commons-5.0.21.tgz",
      "integrity": "sha512-8/vNe5XR1VqR3kRAGc4D24SeW0nfI2/srUkjGksa9Js2qTVmGlOk5HfLA+Uw2GMuVs2/JYnexpV5WPDtjfMWNw=="
    },
    "@feathersjs/feathers": {
      "version": "5.0.21",
      "resolved": "https://registry.npmjs.org/@feathersjs/feathers/-/feathers-5.0.21.tgz",
      "integrity": "sha512-g2gdP8U5WT6Xd5Xekq0152R7O2eUx83c7L+WUA675d7r6Qo1R3Kiboy/cYC9w+MgGsSg8Pgh019WVVphGis+qQ==",
      "requires": {
        "@feathersjs/commons": "^5.0.21",
        "@feathersjs/hooks": "^0.8.1",
        "events": "^3.3.0"
      }
    },
    "@feathersjs/hooks": {
      "version": "0.8.1",
      "resolved": "https://registry.npmjs.org/@feathersjs/hooks/-/hooks-0.8.1.tgz",
      "integrity": "sha512-q/OGjm2BEhT9cHYYcMZR4YKX4lHyufBJmi5Dz+XRM5YqUuEg9MYtR45CWgDiC1klrd2srNSsdmGNVU1otL4+0Q=="
    },
    "base64-js": {
      "version": "1.3.1",
      "resolved": "https://registry.npmjs.org/base64-js/-/base64-js-1.3.1.tgz",
      "integrity": "sha512-mLQ4i2QO1ytvGWFWmcngKO//JXAQueZvwEKtjgQFM4jIK0kU+ytMfplL8j+n5mspOfjHwoAg+9yhb7BwAHm36g=="
    },
    "events": {
      "version": "3.3.0",
      "resolved": "https://registry.npmjs.org/events/-/events-3.3.0.tgz",
      "integrity": "sha512-mQw+2fkQbALzQ7V0MY0IqdnXNOeTtP4r0lN9z7AAawCXgqea7bDii20AYrIBrFd/Hx0M2Ocz6S111CaFkUcb0Q=="
    },
    "js-sha256": {
      "version": "0.9.0",
      "resolved": "https://registry.npmjs.org/js-sha256/-/js-sha256-0.9.0.tgz",
      "integrity": "sha512-sga3MHh9sgQN2+pJ9VYZ+1LPwXOxuBJBA5nrR5/ofPfuiJBE2hnjsaN8se8JznOmGLN2p49Pe5U/ttafcs/apA=="
    },
    "keycloak-js": {
      "version": "15.0.2",
      "resolved": "https://registry.npmjs.org/keycloak-js/-/keycloak-js-15.0.2.tgz",
      "integrity": "sha512-dv2a4NcPSH3AzGWG3ZtB+VrHpuQLdFBYXtQBj/+oBzm6XNwnVAMdL6LIC0OzCLQpn3rKTQJtNSATAGhbKJgewQ==",
      "requires": {
        "base64-js": "1.3.1",
        "js-sha256": "0.9.0"
      }
    },
    "typescript": {
      "version": "4.4.4",
      "resolved": "https://registry.npmjs.org/typescript/-/typescript-4.4.4.tgz",
      "integrity": "sha512-DqGhF5IKoBl8WNf8C1gu8q0xZSInh9j1kJJMqT3a94w1JzVaBU4EXOSMrz9yDqMT0xt3selp83fuFMQ0uzv6qA==",
      "dev": true
    }
  }
}
