{
  "name": "feathers-keycloak-connect-client",
  "version": "1.3.0",
  "lockfileVersion": 2,
  "requires": true,
  "packages": {
    "": {
      "name": "feathers-keycloak-connect-client",
      "version": "1.3.0",
      "license": "ISC",
      "dependencies": {
        "@feathersjs/feathers": "^4.5.11",
        "keycloak-js": "^18.0.0"
      },
      "devDependencies": {
        "typescript": "^4.4.4"
      }
    },
    "node_modules/@feathersjs/commons": {
      "version": "4.5.11",
      "resolved": "https://registry.npmjs.org/@feathersjs/commons/-/commons-4.5.11.tgz",
      "integrity": "sha512-it/9lc0OER36+2zidopWo6Z4xRqNImQ+qegyQdHEuIDpEsYLXAv6MVHuDccaW2x2UmW5pce75UB7DhQ8yh8J/Q==",
      "engines": {
        "node": ">= 10"
      },
      "funding": {
        "type": "github",
        "url": "https://github.com/sponsors/daffl"
      }
    },
    "node_modules/@feathersjs/feathers": {
      "version": "4.5.11",
      "resolved": "https://registry.npmjs.org/@feathersjs/feathers/-/feathers-4.5.11.tgz",
      "integrity": "sha512-13zorhzi9eOwAW+l3oT4K8+CGCljpd9yPkx1XOZZyG5J1RSENWpPhgJ5Oe+qWw6Iqk768UBYp3+W1hLCQa6t2g==",
      "dependencies": {
        "@feathersjs/commons": "^4.5.11",
        "debug": "^4.3.1",
        "events": "^3.2.0",
        "uberproto": "^2.0.6"
      },
      "engines": {
        "node": ">= 10"
      },
      "funding": {
        "type": "github",
        "url": "https://github.com/sponsors/daffl"
      }
    },
    "node_modules/base64-js": {
      "version": "1.5.1",
      "resolved": "https://registry.npmjs.org/base64-js/-/base64-js-1.5.1.tgz",
      "integrity": "sha512-AKpaYlHn8t4SVbOHCy+b5+KKgvR4vrsD8vbvrbiQJps7fKDTkjkDry6ji0rUJjC0kzbNePLwzxq8iypo41qeWA==",
      "funding": [
        {
          "type": "github",
          "url": "https://github.com/sponsors/feross"
        },
        {
          "type": "patreon",
          "url": "https://www.patreon.com/feross"
        },
        {
          "type": "consulting",
          "url": "https://feross.org/support"
        }
      ]
    },
    "node_modules/debug": {
      "version": "4.3.2",
      "resolved": "https://registry.npmjs.org/debug/-/debug-4.3.2.tgz",
      "integrity": "sha512-mOp8wKcvj7XxC78zLgw/ZA+6TSgkoE2C/ienthhRD298T7UNwAg9diBpLRxC0mOezLl4B0xV7M0cCO6P/O0Xhw==",
      "dependencies": {
        "ms": "2.1.2"
      },
      "engines": {
        "node": ">=6.0"
      },
      "peerDependenciesMeta": {
        "supports-color": {
          "optional": true
        }
      }
    },
    "node_modules/events": {
      "version": "3.3.0",
      "resolved": "https://registry.npmjs.org/events/-/events-3.3.0.tgz",
      "integrity": "sha512-mQw+2fkQbALzQ7V0MY0IqdnXNOeTtP4r0lN9z7AAawCXgqea7bDii20AYrIBrFd/Hx0M2Ocz6S111CaFkUcb0Q==",
      "engines": {
        "node": ">=0.8.x"
      }
    },
    "node_modules/js-sha256": {
      "version": "0.9.0",
      "resolved": "https://registry.npmjs.org/js-sha256/-/js-sha256-0.9.0.tgz",
      "integrity": "sha512-sga3MHh9sgQN2+pJ9VYZ+1LPwXOxuBJBA5nrR5/ofPfuiJBE2hnjsaN8se8JznOmGLN2p49Pe5U/ttafcs/apA=="
    },
    "node_modules/keycloak-js": {
      "version": "18.0.1",
      "resolved": "https://registry.npmjs.org/keycloak-js/-/keycloak-js-18.0.1.tgz",
      "integrity": "sha512-IRXToYpbIrkyfLeNNJly2OjUCf11ncx2Sdsg257NVDwjOYE923osu47w8pfxEVWpTaS14/Y2QjbTHciuBK0RBQ==",
      "dependencies": {
        "base64-js": "^1.5.1",
        "js-sha256": "^0.9.0"
      }
    },
    "node_modules/ms": {
      "version": "2.1.2",
      "resolved": "https://registry.npmjs.org/ms/-/ms-2.1.2.tgz",
      "integrity": "sha512-sGkPx+VjMtmA6MX27oA4FBFELFCZZ4S4XqeGOXCv68tT+jb3vk/RyaKWP0PTKyWtmLSM0b+adUTEvbs1PEaH2w=="
    },
    "node_modules/typescript": {
      "version": "4.4.4",
      "resolved": "https://registry.npmjs.org/typescript/-/typescript-4.4.4.tgz",
      "integrity": "sha512-DqGhF5IKoBl8WNf8C1gu8q0xZSInh9j1kJJMqT3a94w1JzVaBU4EXOSMrz9yDqMT0xt3selp83fuFMQ0uzv6qA==",
      "dev": true,
      "bin": {
        "tsc": "bin/tsc",
        "tsserver": "bin/tsserver"
      },
      "engines": {
        "node": ">=4.2.0"
      }
    },
    "node_modules/uberproto": {
      "version": "2.0.6",
      "resolved": "https://registry.npmjs.org/uberproto/-/uberproto-2.0.6.tgz",
      "integrity": "sha512-68H97HffZoFaa3HFtpstahWorN9dSp5uTU6jo3GjIQ6JkJBR3hC2Nx/e/HFOoYHdUyT/Z1MRWfxN1EiQJZUyCQ==",
      "engines": {
        "node": "*"
      }
    }
  },
  "dependencies": {
    "@feathersjs/commons": {
      "version": "4.5.11",
      "resolved": "https://registry.npmjs.org/@feathersjs/commons/-/commons-4.5.11.tgz",
      "integrity": "sha512-it/9lc0OER36+2zidopWo6Z4xRqNImQ+qegyQdHEuIDpEsYLXAv6MVHuDccaW2x2UmW5pce75UB7DhQ8yh8J/Q=="
    },
    "@feathersjs/feathers": {
      "version": "4.5.11",
      "resolved": "https://registry.npmjs.org/@feathersjs/feathers/-/feathers-4.5.11.tgz",
      "integrity": "sha512-13zorhzi9eOwAW+l3oT4K8+CGCljpd9yPkx1XOZZyG5J1RSENWpPhgJ5Oe+qWw6Iqk768UBYp3+W1hLCQa6t2g==",
      "requires": {
        "@feathersjs/commons": "^4.5.11",
        "debug": "^4.3.1",
        "events": "^3.2.0",
        "uberproto": "^2.0.6"
      }
    },
    "base64-js": {
      "version": "1.5.1",
      "resolved": "https://registry.npmjs.org/base64-js/-/base64-js-1.5.1.tgz",
      "integrity": "sha512-AKpaYlHn8t4SVbOHCy+b5+KKgvR4vrsD8vbvrbiQJps7fKDTkjkDry6ji0rUJjC0kzbNePLwzxq8iypo41qeWA=="
    },
    "debug": {
      "version": "4.3.2",
      "resolved": "https://registry.npmjs.org/debug/-/debug-4.3.2.tgz",
      "integrity": "sha512-mOp8wKcvj7XxC78zLgw/ZA+6TSgkoE2C/ienthhRD298T7UNwAg9diBpLRxC0mOezLl4B0xV7M0cCO6P/O0Xhw==",
      "requires": {
        "ms": "2.1.2"
      }
    },
    "events": {
      "version": "3.3.0",
      "resolved": "https://registry.npmjs.org/events/-/events-3.3.0.tgz",
      "integrity": "sha512-mQw+2fkQbALzQ7V0MY0IqdnXNOeTtP4r0lN9z7AAawCXgqea7bDii20AYrIBrFd/Hx0M2Ocz6S111CaFkUcb0Q=="
    },
    "js-sha256": {
      "version": "0.9.0",
      "resolved": "https://registry.npmjs.org/js-sha256/-/js-sha256-0.9.0.tgz",
      "integrity": "sha512-sga3MHh9sgQN2+pJ9VYZ+1LPwXOxuBJBA5nrR5/ofPfuiJBE2hnjsaN8se8JznOmGLN2p49Pe5U/ttafcs/apA=="
    },
    "keycloak-js": {
      "version": "18.0.1",
      "resolved": "https://registry.npmjs.org/keycloak-js/-/keycloak-js-18.0.1.tgz",
      "integrity": "sha512-IRXToYpbIrkyfLeNNJly2OjUCf11ncx2Sdsg257NVDwjOYE923osu47w8pfxEVWpTaS14/Y2QjbTHciuBK0RBQ==",
      "requires": {
        "base64-js": "^1.5.1",
        "js-sha256": "^0.9.0"
      }
    },
    "ms": {
      "version": "2.1.2",
      "resolved": "https://registry.npmjs.org/ms/-/ms-2.1.2.tgz",
      "integrity": "sha512-sGkPx+VjMtmA6MX27oA4FBFELFCZZ4S4XqeGOXCv68tT+jb3vk/RyaKWP0PTKyWtmLSM0b+adUTEvbs1PEaH2w=="
    },
    "typescript": {
      "version": "4.4.4",
      "resolved": "https://registry.npmjs.org/typescript/-/typescript-4.4.4.tgz",
      "integrity": "sha512-DqGhF5IKoBl8WNf8C1gu8q0xZSInh9j1kJJMqT3a94w1JzVaBU4EXOSMrz9yDqMT0xt3selp83fuFMQ0uzv6qA==",
      "dev": true
    },
    "uberproto": {
      "version": "2.0.6",
      "resolved": "https://registry.npmjs.org/uberproto/-/uberproto-2.0.6.tgz",
      "integrity": "sha512-68H97HffZoFaa3HFtpstahWorN9dSp5uTU6jo3GjIQ6JkJBR3hC2Nx/e/HFOoYHdUyT/Z1MRWfxN1EiQJZUyCQ=="
    }
  }
}
